github.com/bellmatt/congo/v2 v2.0.0-20260510124251-04a137d89084 h1:eTZETgRczEJ7lzu640H/61DUVwp0aknZikzz8yUiFO4=
github.com/bellmatt/congo/v2 v2.0.0-20260510124251-04a137d89084/go.mod h1:1S7DRoO1ZYS4YUdFd1LjTkdyjQwsjFWd8TqSfz3Jd+M=
github.com/jpanther/congo/v2 v2.13.0 h1:kI73uW3e9aiPuN9so6lzZg+iEW8UVTmIPCNZvJ1cijI=
github.com/jpanther/congo/v2 v2.13.0/go.mod h1:1S7DRoO1ZYS4YUdFd1LjTkdyjQwsjFWd8TqSfz3Jd+M=
